
Microsoft Visual Studio Solution File, Format Version 12.00
# Visual Studio Version 16
VisualStudioVersion = 16.0.30711.63
MinimumVisualStudioVersion = 10.0.40219.1
Project("{FAE04EC0-301F-11D3-BF4B-00C04F79EFBC}") = "Models", "Models\Models.csproj", "{B90F94C6-ED0B-489A-B2DE-E2F615F03A45}"
EndProject
Project("{FAE04EC0-301F-11D3-BF4B-00C04F79EFBC}") = "DAL", "DAL\DAL.csproj", "{B125EA7E-2CBF-41B8-91E5-34BF6620AD77}"
EndProject
Project("{FAE04EC0-301F-11D3-BF4B-00C04F79EFBC}") = "BLL", "BLL\BLL.csproj", "{40D2269D-280E-4620-92FD-943F3F6AAC7F}"
EndProject
Project("{FAE04EC0-301F-11D3-BF4B-00C04F79EFBC}") = "Taotao", "Taotao\Taotao.csproj", "{35A73F9D-37FF-4E1A-B5A7-B64D599F1E02}"
EndProject
Global
	GlobalSection(SolutionConfigurationPlatforms) = preSolution
		Debug|Any CPU = Debug|Any CPU
		Release|Any CPU = Release|Any CPU
	EndGlobalSection
	GlobalSection(ProjectConfigurationPlatforms) = postSolution
		{B90F94C6-ED0B-489A-B2DE-E2F615F03A45}.Debug|Any CPU.ActiveCfg = Debug|Any CPU
		{B90F94C6-ED0B-489A-B2DE-E2F615F03A45}.Debug|Any CPU.Build.0 = Debug|Any CPU
		{B90F94C6-ED0B-489A-B2DE-E2F615F03A45}.Release|Any CPU.ActiveCfg = Release|Any CPU
		{B90F94C6-ED0B-489A-B2DE-E2F615F03A45}.Release|Any CPU.Build.0 = Release|Any CPU
		{B125EA7E-2CBF-41B8-91E5-34BF6620AD77}.Debug|Any CPU.ActiveCfg = Debug|Any CPU
		{B125EA7E-2CBF-41B8-91E5-34BF6620AD77}.Debug|Any CPU.Build.0 = Debug|Any CPU
		{B125EA7E-2CBF-41B8-91E5-34BF6620AD77}.Release|Any CPU.ActiveCfg = Release|Any CPU
		{B125EA7E-2CBF-41B8-91E5-34BF6620AD77}.Release|Any CPU.Build.0 = Release|Any CPU
		{40D2269D-280E-4620-92FD-943F3F6AAC7F}.Debug|Any CPU.ActiveCfg = Debug|Any CPU
		{40D2269D-280E-4620-92FD-943F3F6AAC7F}.Debug|Any CPU.Build.0 = Debug|Any CPU
		{40D2269D-280E-4620-92FD-943F3F6AAC7F}.Release|Any CPU.ActiveCfg = Release|Any CPU
		{40D2269D-280E-4620-92FD-943F3F6AAC7F}.Release|Any CPU.Build.0 = Release|Any CPU
		{35A73F9D-37FF-4E1A-B5A7-B64D599F1E02}.Debug|Any CPU.ActiveCfg = Debug|Any CPU
		{35A73F9D-37FF-4E1A-B5A7-B64D599F1E02}.Debug|Any CPU.Build.0 = Debug|Any CPU
		{35A73F9D-37FF-4E1A-B5A7-B64D599F1E02}.Release|Any CPU.ActiveCfg = Release|Any CPU
		{35A73F9D-37FF-4E1A-B5A7-B64D599F1E02}.Release|Any CPU.Build.0 = Release|Any CPU
	EndGlobalSection
	GlobalSection(SolutionProperties) = preSolution
		HideSolutionNode = FALSE
	EndGlobalSection
	GlobalSection(ExtensibilityGlobals) = postSolution
		SolutionGuid = {0F17404A-A9DA-44D9-97DA-F9BE1FD741D3}
	EndGlobalSection
EndGlobal
